
Microsoft Visual Studio Solution File, Format Version 12.00
# Visual Studio Version 17
VisualStudioVersion = 17.2.32519.379
MinimumVisualStudioVersion = 10.0.40219.1
Project("{FAE04EC0-301F-11D3-BF4B-00C04F79EFBC}") = "JokesWebAppMVC", "JokesWebAppMVC.csproj", "{82A843B9-DA91-4C93-A1D2-8380A0990E6C}"
EndProject
Global
	GlobalSection(SolutionConfigurationPlatforms) = preSolution
		Debug|Any CPU = Debug|Any CPU
		Release|Any CPU = Release|Any CPU
	EndGlobalSection
	GlobalSection(ProjectConfigurationPlatforms) = postSolution
		{82A843B9-DA91-4C93-A1D2-8380A0990E6C}.Debug|Any CPU.ActiveCfg = Debug|Any CPU
		{82A843B9-DA91-4C93-A1D2-8380A0990E6C}.Debug|Any CPU.Build.0 = Debug|Any CPU
		{82A843B9-DA91-4C93-A1D2-8380A0990E6C}.Release|Any CPU.ActiveCfg = Release|Any CPU
		{82A843B9-DA91-4C93-A1D2-8380A0990E6C}.Release|Any CPU.Build.0 = Release|Any CPU
	EndGlobalSection
	GlobalSection(SolutionProperties) = preSolution
		HideSolutionNode = FALSE
	EndGlobalSection
	GlobalSection(ExtensibilityGlobals) = postSolution
		SolutionGuid = {0EE39B40-1588-46EF-A654-5DADEE90FE6A}
	EndGlobalSection
EndGlobal
